
Microsoft Visual Studio Solution File, Format Version 12.00
# Visual Studio Version 17
VisualStudioVersion = 17.1.31911.260
MinimumVisualStudioVersion = 10.0.40219.1
Project("{9A19103F-16F7-4668-BE54-9A1E7A4F7556}") = "tnt.configuration", "tnt.configuration\tnt.configuration.csproj", "{75DF06C4-57C1-4842-A6CD-93765B751A1C}"
EndProject
Project("{FAE04EC0-301F-11D3-BF4B-00C04F79EFBC}") = "tnt.configuration.tests", "tnt.configuration.tests\tnt.configuration.tests.csproj", "{73D2432D-7851-4B67-9F4C-0B2AD8CFAAB8}"
EndProject
Global
	GlobalSection(SolutionConfigurationPlatforms) = preSolution
		Debug|Any CPU = Debug|Any CPU
		Release|Any CPU = Release|Any CPU
	EndGlobalSection
	GlobalSection(ProjectConfigurationPlatforms) = postSolution
		{75DF06C4-57C1-4842-A6CD-93765B751A1C}.Debug|Any CPU.ActiveCfg = Debug|Any CPU
		{75DF06C4-57C1-4842-A6CD-93765B751A1C}.Debug|Any CPU.Build.0 = Debug|Any CPU
		{75DF06C4-57C1-4842-A6CD-93765B751A1C}.Release|Any CPU.ActiveCfg = Release|Any CPU
		{75DF06C4-57C1-4842-A6CD-93765B751A1C}.Release|Any CPU.Build.0 = Release|Any CPU
		{73D2432D-7851-4B67-9F4C-0B2AD8CFAAB8}.Debug|Any CPU.ActiveCfg = Debug|Any CPU
		{73D2432D-7851-4B67-9F4C-0B2AD8CFAAB8}.Debug|Any CPU.Build.0 = Debug|Any CPU
		{73D2432D-7851-4B67-9F4C-0B2AD8CFAAB8}.Release|Any CPU.ActiveCfg = Release|Any CPU
		{73D2432D-7851-4B67-9F4C-0B2AD8CFAAB8}.Release|Any CPU.Build.0 = Release|Any CPU
	EndGlobalSection
	GlobalSection(SolutionProperties) = preSolution
		HideSolutionNode = FALSE
	EndGlobalSection
	GlobalSection(ExtensibilityGlobals) = postSolution
		SolutionGuid = {5ADEF1AE-F178-4743-A29D-35665F36D1EE}
	EndGlobalSection
EndGlobal
